{
  "name": "sustainability-data-home-assistant",
  "version": "0.1.0",
  "lockfileVersion": 3,
  "requires": true,
  "packages": {
    "": {
      "name": "sustainability-data-home-assistant",
      "version": "0.1.0",
      "license": "BSD-3-Clause",
      "dependencies": {
        "sustainability-wellknown-publisher": "^0.7.2"
      },
      "devDependencies": {
        "sustainability-wellknown-consumer": "^0.7.0"
      },
      "engines": {
        "node": ">=22.12"
      }
    },
    "node_modules/@iarna/toml": {
      "version": "2.2.5",
      "resolved": "https://registry.npmjs.org/@iarna/toml/-/toml-2.2.5.tgz",
      "integrity": "sha512-trnsAYxU3xnS1gPHPyU961coFyLkh4gAD/0zQ5mymY4yOZ+CYvsPqUbOFSw0aDM4y0tV7tiFxL/1XfXPNC6IPg==",
      "license": "ISC"
    },
    "node_modules/@tgwf/co2": {
      "version": "0.19.0",
      "resolved": "https://registry.npmjs.org/@tgwf/co2/-/co2-0.19.0.tgz",
      "integrity": "sha512-3VkpB5H6OGQF2P6nESbThVEOfQrFjBz8wBDTEmhbJ4uEi67TsMt+Oyq7YOweOdUkSOJBPsezjf/5i/ScXgqGDA==",
      "license": "Apache-2.0",
      "engines": {
        "node": ">=14.0.0"
      }
    },
    "node_modules/ajv": {
      "version": "8.20.0",
      "resolved": "https://registry.npmjs.org/ajv/-/ajv-8.20.0.tgz",
      "integrity": "sha512-Thbli+OlOj+iMPYFBVBfJ3OmCAnaSyNn4M1vz9T6Gka5Jt9ba/HIR56joy65tY6kx/FCF5VXNB819Y7/GUrBGA==",
      "license": "MIT",
      "dependencies": {
        "fast-deep-equal": "^3.1.3",
        "fast-uri": "^3.0.1",
        "json-schema-traverse": "^1.0.0",
        "require-from-string": "^2.0.2"
      },
      "funding": {
        "type": "github",
        "url": "https://github.com/sponsors/epoberezkin"
      }
    },
    "node_modules/fast-deep-equal": {
      "version": "3.1.3",
      "resolved": "https://registry.npmjs.org/fast-deep-equal/-/fast-deep-equal-3.1.3.tgz",
      "integrity": "sha512-f3qQ9oQy9j2AhBe/H9VC91wLmKBCCU/gDOnKNAYG5hswO7BLKj09Hc5HYNz9cGI++xlpDCIgDaitVs03ATR84Q==",
      "license": "MIT"
    },
    "node_modules/fast-uri": {
      "version": "3.1.8",
      "resolved": "https://registry.npmjs.org/fast-uri/-/fast-uri-3.1.8.tgz",
      "integrity": "sha512-GZMtZUTNRpOVIECoXwLNZS5xUGE+mVNbTB8h/7Rwh2TFWcBQiPzTgyZi05BF9UMZKkLJv8XBRJTlU7zg8+ZfMg==",
      "funding": [
        {
          "type": "github",
          "url": "https://github.com/sponsors/fastify"
        },
        {
          "type": "opencollective",
          "url": "https://opencollective.com/fastify"
        }
      ],
      "license": "BSD-3-Clause"
    },
    "node_modules/jose": {
      "version": "6.2.12",
      "resolved": "https://registry.npmjs.org/jose/-/jose-6.2.12.tgz",
      "integrity": "sha512-9NiFmJEex0sy2Dk58j2UGBSHgUs2ypF9eZSu4L6vjOX3Dp96Sw1F3uL+H+D1sx02jZZdzUT0HgvCy59CuvXcWw==",
      "license": "MIT",
      "funding": {
        "url": "https://github.com/sponsors/panva"
      }
    },
    "node_modules/json-schema-traverse": {
      "version": "1.0.0",
      "resolved": "https://registry.npmjs.org/json-schema-traverse/-/json-schema-traverse-1.0.0.tgz",
      "integrity": "sha512-NM8/P9n3XjXhIZn1lLhkFaACTOURQXjWhV4BA/RnOv8xvgqtqpAX9IO4mRQxSx1Rlo4tqzeqb0sOlruaOy3dug==",
      "license": "MIT"
    },
    "node_modules/require-from-string": {
      "version": "2.0.2",
      "resolved": "https://registry.npmjs.org/require-from-string/-/require-from-string-2.0.2.tgz",
      "integrity": "sha512-Xf0nWe6RseziFMu+Ap9biiUbmplq6S9/p+7w7YXP/JBHhrUDDUhwa+vANyubuqfZWTveU//DYVGsDG7RKL/vEw==",
      "license": "MIT",
      "engines": {
        "node": ">=0.10.0"
      }
    },
    "node_modules/sustainability-wellknown-consumer": {
      "version": "0.7.0",
      "resolved": "https://registry.npmjs.org/sustainability-wellknown-consumer/-/sustainability-wellknown-consumer-0.7.0.tgz",
      "integrity": "sha512-Ur8kq0/Y+KWVk3jUEfSJLW/ZWsDBj7O4eJhA+LqXlmPv3gKidF8q7pBzi+nE9l8RsVBEyJ4xBtJtAds9bLQ6bA==",
      "dev": true,
      "license": "BSD-3-Clause",
      "dependencies": {
        "ajv": "^8.17.1",
        "jose": "^6.2.12"
      },
      "bin": {
        "sustainability-fetch": "bin/sustainability-fetch.js"
      },
      "engines": {
        "node": ">=22.12"
      }
    },
    "node_modules/sustainability-wellknown-publisher": {
      "version": "0.7.2",
      "resolved": "https://registry.npmjs.org/sustainability-wellknown-publisher/-/sustainability-wellknown-publisher-0.7.2.tgz",
      "integrity": "sha512-yqMhiVySngnyBly1jXp97KfbHFnTZwQ045iKLhTjY1AV56bbrQhamG3nqdkXTYNACJxyduWF57zkVuXmI1EspA==",
      "license": "BSD-3-Clause",
      "dependencies": {
        "@iarna/toml": "^2.2.5",
        "@tgwf/co2": "^0.19.0",
        "ajv": "^8.17.1",
        "jose": "^6.2.12"
      },
      "bin": {
        "sustainability-publisher": "bin/sustainability-publisher.js",
        "sustainability-sign": "bin/sustainability-sign.js"
      },
      "engines": {
        "node": ">=22.12"
      }
    }
  }
}
